{
  "name": "asunder",
  "version": "1.0.0",
  "lockfileVersion": 3,
  "requires": true,
  "packages": {
    "": {
      "name": "asunder",
      "version": "1.0.0",
      "license": "MIT",
      "dependencies": {
        "tsc": "^2.0.4",
        "typescript": "^5.0.4"
      },
      "devDependencies": {
        "@types/chrome": "^0.0.234"
      }
    },
    "node_modules/@types/chrome": {
      "version": "0.0.234",
      "resolved": "https://registry.npmjs.org/@types/chrome/-/chrome-0.0.234.tgz",
      "integrity": "sha512-4JofeJBUPFf8Qy9ZiOif5jp5V4tG/WaFVPyb11E6Zmvx1q5j+X7LR/zWmj3lhbliaFxTMY/51GjMdpZOiUWjqQ==",
      "dev": true,
      "dependencies": {
        "@types/filesystem": "*",
        "@types/har-format": "*"
      }
    },
    "node_modules/@types/filesystem": {
      "version": "0.0.32",
      "resolved": "https://registry.npmjs.org/@types/filesystem/-/filesystem-0.0.32.tgz",
      "integrity": "sha512-Yuf4jR5YYMR2DVgwuCiP11s0xuVRyPKmz8vo6HBY3CGdeMj8af93CFZX+T82+VD1+UqHOxTq31lO7MI7lepBtQ==",
      "dev": true,
      "dependencies": {
        "@types/filewriter": "*"
      }
    },
    "node_modules/@types/filewriter": {
      "version": "0.0.29",
      "resolved": "https://registry.npmjs.org/@types/filewriter/-/filewriter-0.0.29.tgz",
      "integrity": "sha512-BsPXH/irW0ht0Ji6iw/jJaK8Lj3FJemon2gvEqHKpCdDCeemHa+rI3WBGq5z7cDMZgoLjY40oninGxqk+8NzNQ==",
      "dev": true
    },
    "node_modules/@types/har-format": {
      "version": "1.2.10",
      "resolved": "https://registry.npmjs.org/@types/har-format/-/har-format-1.2.10.tgz",
      "integrity": "sha512-o0J30wqycjF5miWDKYKKzzOU1ZTLuA42HZ4HE7/zqTOc/jTLdQ5NhYWvsRQo45Nfi1KHoRdNhteSI4BAxTF1Pg==",
      "dev": true
    },
    "node_modules/tsc": {
      "version": "2.0.4",
      "resolved": "https://registry.npmjs.org/tsc/-/tsc-2.0.4.tgz",
      "integrity": "sha512-fzoSieZI5KKJVBYGvwbVZs/J5za84f2lSTLPYf6AGiIf43tZ3GNrI1QzTLcjtyDDP4aLxd46RTZq1nQxe7+k5Q==",
      "bin": {
        "tsc": "bin/tsc"
      }
    },
    "node_modules/typescript": {
      "version": "5.0.4",
      "resolved": "https://registry.npmjs.org/typescript/-/typescript-5.0.4.tgz",
      "integrity": "sha512-cW9T5W9xY37cc+jfEnaUvX91foxtHkza3Nw3wkoF4sSlKn0MONdkdEndig/qPBWXNkmplh3NzayQzCiHM4/hqw==",
      "bin": {
        "tsc": "bin/tsc",
        "tsserver": "bin/tsserver"
      },
      "engines": {
        "node": ">=12.20"
      }
    }
  }
}
